// !$*UTF8*$!
{
	archiveVersion = 1;
	classes = {
	};
	objectVersion = 55;
	objects = {

/* Begin PBXBuildFile section */
		A0158FDD28B7B28800E178D0 /*  TotalBill.swift in Sources */ = {isa = PBXBuildFile; fileRef = A0158FDC28B7B28800E178D0 /*  TotalBill.swift */; };
		A0158FDF28B7B51000E178D0 /* PersonsView.swift in Sources */ = {isa = PBXBuildFile; fileRef = A0158FDE28B7B51000E178D0 /* PersonsView.swift */; };
		A0ADC8C828B9211C00BAFFF1 /* TipsCollectionViewCell.swift in Sources */ = {isa = PBXBuildFile; fileRef = A0ADC8C728B9211C00BAFFF1 /* TipsCollectionViewCell.swift */; };
		A0ADC8CE28B922B500BAFFF1 /* TipsView.swift in Sources */ = {isa = PBXBuildFile; fileRef = A0ADC8CD28B922B500BAFFF1 /* TipsView.swift */; };
		A0DBB84128B49E59005BE528 /* AppDelegate.swift in Sources */ = {isa = PBXBuildFile; fileRef = A0DBB84028B49E59005BE528 /* AppDelegate.swift */; };
		A0DBB84328B49E59005BE528 /* SceneDelegate.swift in Sources */ = {isa = PBXBuildFile; fileRef = A0DBB84228B49E59005BE528 /* SceneDelegate.swift */; };
		A0DBB84528B49E59005BE528 /* MainViewController.swift in Sources */ = {isa = PBXBuildFile; fileRef = A0DBB84428B49E59005BE528 /* MainViewController.swift */; };
		A0DBB84A28B49E59005BE528 /* Assets.xcassets in Resources */ = {isa = PBXBuildFile; fileRef = A0DBB84928B49E59005BE528 /* Assets.xcassets */; };
		A0DBB84D28B49E59005BE528 /* LaunchScreen.storyboard in Resources */ = {isa = PBXBuildFile; fileRef = A0DBB84B28B49E59005BE528 /* LaunchScreen.storyboard */; };
/* End PBXBuildFile section */

/* Begin PBXFileReference section */
		A0158FDC28B7B28800E178D0 /*  TotalBill.swift */ = {isa = PBXFileReference; fileEncoding = 4; lastKnownFileType = sourcecode.swift; path = " TotalBill.swift"; sourceTree = "<group>"; };
		A0158FDE28B7B51000E178D0 /* PersonsView.swift */ = {isa = PBXFileReference; lastKnownFileType = sourcecode.swift; path = PersonsView.swift; sourceTree = "<group>"; };
		A0ADC8C728B9211C00BAFFF1 /* TipsCollectionViewCell.swift */ = {isa = PBXFileReference; lastKnownFileType = sourcecode.swift; path = TipsCollectionViewCell.swift; sourceTree = "<group>"; };
		A0ADC8CD28B922B500BAFFF1 /* TipsView.swift */ = {isa = PBXFileReference; lastKnownFileType = sourcecode.swift; path = TipsView.swift; sourceTree = "<group>"; };
		A0DBB83D28B49E59005BE528 /* totalBill.app */ = {isa = PBXFileReference; explicitFileType = wrapper.application; includeInIndex = 0; path = totalBill.app; sourceTree = BUILT_PRODUCTS_DIR; };
		A0DBB84028B49E59005BE528 /* AppDelegate.swift */ = {isa = PBXFileReference; lastKnownFileType = sourcecode.swift; path = AppDelegate.swift; sourceTree = "<group>"; };
		A0DBB84228B49E59005BE528 /* SceneDelegate.swift */ = {isa = PBXFileReference; lastKnownFileType = sourcecode.swift; path = SceneDelegate.swift; sourceTree = "<group>"; };
		A0DBB84428B49E59005BE528 /* MainViewController.swift */ = {isa = PBXFileReference; lastKnownFileType = sourcecode.swift; path = MainViewController.swift; sourceTree = "<group>"; };
		A0DBB84928B49E59005BE528 /* Assets.xcassets */ = {isa = PBXFileReference; lastKnownFileType = folder.assetcatalog; path = Assets.xcassets; sourceTree = "<group>"; };
		A0DBB84C28B49E59005BE528 /* Base */ = {isa = PBXFileReference; lastKnownFileType = file.storyboard; name = Base; path = Base.lproj/LaunchScreen.storyboard; sourceTree = "<group>"; };
		A0DBB84E28B49E59005BE528 /* Info.plist */ = {isa = PBXFileReference; lastKnownFileType = text.plist.xml; path = Info.plist; sourceTree = "<group>"; };
/* End PBXFileReference section */

/* Begin PBXFrameworksBuildPhase section */
		A0DBB83A28B49E59005BE528 /* Frameworks */ = {
			isa = PBXFrameworksBuildPhase;
			buildActionMask = 2147483647;
			files = (
			);
			runOnlyForDeploymentPostprocessing = 0;
		};
/* End PBXFrameworksBuildPhase section */

/* Begin PBXGroup section */
		A0ADC8C928B9212D00BAFFF1 /* Application */ = {
			isa = PBXGroup;
			children = (
				A0DBB84028B49E59005BE528 /* AppDelegate.swift */,
				A0DBB84228B49E59005BE528 /* SceneDelegate.swift */,
			);
			path = Application;
			sourceTree = "<group>";
		};
		A0ADC8CA28B9213A00BAFFF1 /* Controllers */ = {
			isa = PBXGroup;
			children = (
				A0DBB84428B49E59005BE528 /* MainViewController.swift */,
			);
			path = Controllers;
			sourceTree = "<group>";
		};
		A0ADC8CB28B9215900BAFFF1 /* Views */ = {
			isa = PBXGroup;
			children = (
				A0ADC8CC28B9216C00BAFFF1 /* Cells */,
				A0158FDC28B7B28800E178D0 /*  TotalBill.swift */,
				A0ADC8CD28B922B500BAFFF1 /* TipsView.swift */,
				A0158FDE28B7B51000E178D0 /* PersonsView.swift */,
			);
			path = Views;
			sourceTree = "<group>";
		};
		A0ADC8CC28B9216C00BAFFF1 /* Cells */ = {
			isa = PBXGroup;
			children = (
				A0ADC8C728B9211C00BAFFF1 /* TipsCollectionViewCell.swift */,
			);
			path = Cells;
			sourceTree = "<group>";
		};
		A0DBB83428B49E59005BE528 = {
			isa = PBXGroup;
			children = (
				A0DBB83F28B49E59005BE528 /* totalBill */,
				A0DBB83E28B49E59005BE528 /* Products */,
			);
			sourceTree = "<group>";
		};
		A0DBB83E28B49E59005BE528 /* Products */ = {
			isa = PBXGroup;
			children = (
				A0DBB83D28B49E59005BE528 /* totalBill.app */,
			);
			name = Products;
			sourceTree = "<group>";
		};
		A0DBB83F28B49E59005BE528 /* totalBill */ = {
			isa = PBXGroup;
			children = (
				A0ADC8C928B9212D00BAFFF1 /* Application */,
				A0ADC8CA28B9213A00BAFFF1 /* Controllers */,
				A0ADC8CB28B9215900BAFFF1 /* Views */,
				A0DBB84928B49E59005BE528 /* Assets.xcassets */,
				A0DBB84B28B49E59005BE528 /* LaunchScreen.storyboard */,
				A0DBB84E28B49E59005BE528 /* Info.plist */,
			);
			path = totalBill;
			sourceTree = "<group>";
		};
/* End PBXGroup section */

/* Begin PBXNativeTarget section */
		A0DBB83C28B49E59005BE528 /* totalBill */ = {
			isa = PBXNativeTarget;
			buildConfigurationList = A0DBB85128B49E59005BE528 /* Build configuration list for PBXNativeTarget "totalBill" */;
			buildPhases = (
				A0DBB83928B49E59005BE528 /* Sources */,
				A0DBB83A28B49E59005BE528 /* Frameworks */,
				A0DBB83B28B49E59005BE528 /* Resources */,
			);
			buildRules = (
			);
			dependencies = (
			);
			name = totalBill;
			productName = totalBill;
			productReference = A0DBB83D28B49E59005BE528 /* totalBill.app */;
			productType = "com.apple.product-type.application";
		};
/* End PBXNativeTarget section */

/* Begin PBXProject section */
		A0DBB83528B49E59005BE528 /* Project object */ = {
			isa = PBXProject;
			attributes = {
				BuildIndependentTargetsInParallel = 1;
				LastSwiftUpdateCheck = 1320;
				LastUpgradeCheck = 1320;
				TargetAttributes = {
					A0DBB83C28B49E59005BE528 = {
						CreatedOnToolsVersion = 13.2.1;
					};
				};
			};
			buildConfigurationList = A0DBB83828B49E59005BE528 /* Build configuration list for PBXProject "totalBill" */;
			compatibilityVersion = "Xcode 13.0";
			developmentRegion = en;
			hasScannedForEncodings = 0;
			knownRegions = (
				en,
				Base,
			);
			mainGroup = A0DBB83428B49E59005BE528;
			productRefGroup = A0DBB83E28B49E59005BE528 /* Products */;
			projectDirPath = "";
			projectRoot = "";
			targets = (
				A0DBB83C28B49E59005BE528 /* totalBill */,
			);
		};
/* End PBXProject section */

/* Begin PBXResourcesBuildPhase section */
		A0DBB83B28B49E59005BE528 /* Resources */ = {
			isa = PBXResourcesBuildPhase;
			buildActionMask = 2147483647;
			files = (
				A0DBB84D28B49E59005BE528 /* LaunchScreen.storyboard in Resources */,
				A0DBB84A28B49E59005BE528 /* Assets.xcassets in Resources */,
			);
			runOnlyForDeploymentPostprocessing = 0;
		};
/* End PBXResourcesBuildPhase section */

/* Begin PBXSourcesBuildPhase section */
		A0DBB83928B49E59005BE528 /* Sources */ = {
			isa = PBXSourcesBuildPhase;
			buildActionMask = 2147483647;
			files = (
				A0DBB84528B49E59005BE528 /* MainViewController.swift in Sources */,
				A0158FDF28B7B51000E178D0 /* PersonsView.swift in Sources */,
				A0DBB84128B49E59005BE528 /* AppDelegate.swift in Sources */,
				A0ADC8C828B9211C00BAFFF1 /* TipsCollectionViewCell.swift in Sources */,
				A0ADC8CE28B922B500BAFFF1 /* TipsView.swift in Sources */,
				A0DBB84328B49E59005BE528 /* SceneDelegate.swift in Sources */,
				A0158FDD28B7B28800E178D0 /*  TotalBill.swift in Sources */,
			);
			runOnlyForDeploymentPostprocessing = 0;
		};
/* End PBXSourcesBuildPhase section */

/* Begin PBXVariantGroup section */
		A0DBB84B28B49E59005BE528 /* LaunchScreen.storyboard */ = {
			isa = PBXVariantGroup;
			children = (
				A0DBB84C28B49E59005BE528 /* Base */,
			);
			name = LaunchScreen.storyboard;
			sourceTree = "<group>";
		};
/* End PBXVariantGroup section */

/* Begin XCBuildConfiguration section */
		A0DBB84F28B49E59005BE528 /* Debug */ = {
			isa = XCBuildConfiguration;
			buildSettings = {
				ALWAYS_SEARCH_USER_PATHS = NO;
				CLANG_ANALYZER_NONNULL = YES;
				CLANG_ANALYZER_NUMBER_OBJECT_CONVERSION = YES_AGGRESSIVE;
				CLANG_CXX_LANGUAGE_STANDARD = "gnu++17";
				CLANG_CXX_LIBRARY = "libc++";
				CLANG_ENABLE_MODULES = YES;
				CLANG_ENABLE_OBJC_ARC = YES;
				CLANG_ENABLE_OBJC_WEAK = YES;
				CLANG_WARN_BLOCK_CAPTURE_AUTORELEASING = YES;
				CLANG_WARN_BOOL_CONVERSION = YES;
				CLANG_WARN_COMMA = YES;
				CLANG_WARN_CONSTANT_CONVERSION = YES;
				CLANG_WARN_DEPRECATED_OBJC_IMPLEMENTATIONS = YES;
				CLANG_WARN_DIRECT_OBJC_ISA_USAGE = YES_ERROR;
				CLANG_WARN_DOCUMENTATION_COMMENTS = YES;
				CLANG_WARN_EMPTY_BODY = YES;
				CLANG_WARN_ENUM_CONVERSION = YES;
				CLANG_WARN_INFINITE_RECURSION = YES;
				CLANG_WARN_INT_CONVERSION = YES;
				CLANG_WARN_NON_LITERAL_NULL_CONVERSION = YES;
				CLANG_WARN_OBJC_IMPLICIT_RETAIN_SELF = YES;
				CLANG_WARN_OBJC_LITERAL_CONVERSION = YES;
				CLANG_WARN_OBJC_ROOT_CLASS = YES_ERROR;
				CLANG_WARN_QUOTED_INCLUDE_IN_FRAMEWORK_HEADER = YES;
				CLANG_WARN_RANGE_LOOP_ANALYSIS = YES;
				CLANG_WARN_STRICT_PROTOTYPES = YES;
				CLANG_WARN_SUSPICIOUS_MOVE = YES;
				CLANG_WARN_UNGUARDED_AVAILABILITY = YES_AGGRESSIVE;
				CLANG_WARN_UNREACHABLE_CODE = YES;
				CLANG_WARN__DUPLICATE_METHOD_MATCH = YES;
				COPY_PHASE_STRIP = NO;
				DEBUG_INFORMATION_FORMAT = dwarf;
				ENABLE_STRICT_OBJC_MSGSEND = YES;
				ENABLE_TESTABILITY = YES;
				GCC_C_LANGUAGE_STANDARD = gnu11;
				GCC_DYNAMIC_NO_PIC = NO;
				GCC_NO_COMMON_BLOCKS = YES;
				GCC_OPTIMIZATION_LEVEL = 0;
				GCC_PREPROCESSOR_DEFINITIONS = (
					"DEBUG=1",
					"$(inherited)",
				);
				GCC_WARN_64_TO_32_BIT_CONVERSION = YES;
				GCC_WARN_ABOUT_RETURN_TYPE = YES_ERROR;
				GCC_WARN_UNDECLARED_SELECTOR = YES;
				GCC_WARN_UNINITIALIZED_AUTOS = YES_AGGRESSIVE;
				GCC_WARN_UNUSED_FUNCTION = YES;
				GCC_WARN_UNUSED_VARIABLE = YES;
				IPHONEOS_DEPLOYMENT_TARGET = 15.2;
				MTL_ENABLE_DEBUG_INFO = INCLUDE_SOURCE;
				MTL_FAST_MATH = YES;
				ONLY_ACTIVE_ARCH = YES;
				SDKROOT = iphoneos;
				SWIFT_ACTIVE_COMPILATION_CONDITIONS = DEBUG;
				SWIFT_OPTIMIZATION_LEVEL = "-Onone";
			};
			name = Debug;
		};
		A0DBB85028B49E59005BE528 /* Release */ = {
			isa = XCBuildConfiguration;
			buildSettings = {
				ALWAYS_SEARCH_USER_PATHS = NO;
				CLANG_ANALYZER_NONNULL = YES;
				CLANG_ANALYZER_NUMBER_OBJECT_CONVERSION = YES_AGGRESSIVE;
				CLANG_CXX_LANGUAGE_STANDARD = "gnu++17";
				CLANG_CXX_LIBRARY = "libc++";
				CLANG_ENABLE_MODULES = YES;
				CLANG_ENABLE_OBJC_ARC = YES;
				CLANG_ENABLE_OBJC_WEAK = YES;
				CLANG_WARN_BLOCK_CAPTURE_AUTORELEASING = YES;
				CLANG_WARN_BOOL_CONVERSION = YES;
				CLANG_WARN_COMMA = YES;
				CLANG_WARN_CONSTANT_CONVERSION = YES;
				CLANG_WARN_DEPRECATED_OBJC_IMPLEMENTATIONS = YES;
				CLANG_WARN_DIRECT_OBJC_ISA_USAGE = YES_ERROR;
				CLANG_WARN_DOCUMENTATION_COMMENTS = YES;
				CLANG_WARN_EMPTY_BODY = YES;
				CLANG_WARN_ENUM_CONVERSION = YES;
				CLANG_WARN_INFINITE_RECURSION = YES;
				CLANG_WARN_INT_CONVERSION = YES;
				CLANG_WARN_NON_LITERAL_NULL_CONVERSION = YES;
				CLANG_WARN_OBJC_IMPLICIT_RETAIN_SELF = YES;
				CLANG_WARN_OBJC_LITERAL_CONVERSION = YES;
				CLANG_WARN_OBJC_ROOT_CLASS = YES_ERROR;
				CLANG_WARN_QUOTED_INCLUDE_IN_FRAMEWORK_HEADER = YES;
				CLANG_WARN_RANGE_LOOP_ANALYSIS = YES;
				CLANG_WARN_STRICT_PROTOTYPES = YES;
				CLANG_WARN_SUSPICIOUS_MOVE = YES;
				CLANG_WARN_UNGUARDED_AVAILABILITY = YES_AGGRESSIVE;
				CLANG_WARN_UNREACHABLE_CODE = YES;
				CLANG_WARN__DUPLICATE_METHOD_MATCH = YES;
				COPY_PHASE_STRIP = NO;
				DEBUG_INFORMATION_FORMAT = "dwarf-with-dsym";
				ENABLE_NS_ASSERTIONS = NO;
				ENABLE_STRICT_OBJC_MSGSEND = YES;
				GCC_C_LANGUAGE_STANDARD = gnu11;
				GCC_NO_COMMON_BLOCKS = YES;
				GCC_WARN_64_TO_32_BIT_CONVERSION = YES;
				GCC_WARN_ABOUT_RETURN_TYPE = YES_ERROR;
				GCC_WARN_UNDECLARED_SELECTOR = YES;
				GCC_WARN_UNINITIALIZED_AUTOS = YES_AGGRESSIVE;
				GCC_WARN_UNUSED_FUNCTION = YES;
				GCC_WARN_UNUSED_VARIABLE = YES;
				IPHONEOS_DEPLOYMENT_TARGET = 15.2;
				MTL_ENABLE_DEBUG_INFO = NO;
				MTL_FAST_MATH = YES;
				SDKROOT = iphoneos;
				SWIFT_COMPILATION_MODE = wholemodule;
				SWIFT_OPTIMIZATION_LEVEL = "-O";
				VALIDATE_PRODUCT = YES;
			};
			name = Release;
		};
		A0DBB85228B49E59005BE528 /* Debug */ = {
			isa = XCBuildConfiguration;
			buildSettings = {
				ASSETCATALOG_COMPILER_APPICON_NAME = AppIcon;
				ASSETCATALOG_COMPILER_GLOBAL_ACCENT_COLOR_NAME = AccentColor;
				CODE_SIGN_STYLE = Automatic;
				CURRENT_PROJECT_VERSION = 1;
				DEVELOPMENT_TEAM = F978FGBWMJ;
				GENERATE_INFOPLIST_FILE = YES;
				INFOPLIST_FILE = totalBill/Info.plist;
				INFOPLIST_KEY_UIApplicationSupportsIndirectInputEvents = YES;
				INFOPLIST_KEY_UILaunchStoryboardName = LaunchScreen;
				INFOPLIST_KEY_UISupportedInterfaceOrientations_iPad = "UIInterfaceOrientationPortrait UIInterfaceOrientationPortraitUpsideDown UIInterfaceOrientationLandscapeLeft UIInterfaceOrientationLandscapeRight";
				INFOPLIST_KEY_UISupportedInterfaceOrientations_iPhone = "UIInterfaceOrientationPortrait UIInterfaceOrientationLandscapeLeft UIInterfaceOrientationLandscapeRight";
				LD_RUNPATH_SEARCH_PATHS = (
					"$(inherited)",
					"@executable_path/Frameworks",
				);
				MARKETING_VERSION = 1.0;
				PRODUCT_BUNDLE_IDENTIFIER = com.SergeyPavlov.totalBill;
				PRODUCT_NAME = "$(TARGET_NAME)";
				SWIFT_EMIT_LOC_STRINGS = YES;
				SWIFT_VERSION = 5.0;
				TARGETED_DEVICE_FAMILY = "1,2";
			};
			name = Debug;
		};
		A0DBB85328B49E59005BE528 /* Release */ = {
			isa = XCBuildConfiguration;
			buildSettings = {
				ASSETCATALOG_COMPILER_APPICON_NAME = AppIcon;
				ASSETCATALOG_COMPILER_GLOBAL_ACCENT_COLOR_NAME = AccentColor;
				CODE_SIGN_STYLE = Automatic;
				CURRENT_PROJECT_VERSION = 1;
				DEVELOPMENT_TEAM = F978FGBWMJ;
				GENERATE_INFOPLIST_FILE = YES;
				INFOPLIST_FILE = totalBill/Info.plist;
				INFOPLIST_KEY_UIApplicationSupportsIndirectInputEvents = YES;
				INFOPLIST_KEY_UILaunchStoryboardName = LaunchScreen;
				INFOPLIST_KEY_UISupportedInterfaceOrientations_iPad = "UIInterfaceOrientationPortrait UIInterfaceOrientationPortraitUpsideDown UIInterfaceOrientationLandscapeLeft UIInterfaceOrientationLandscapeRight";
				INFOPLIST_KEY_UISupportedInterfaceOrientations_iPhone = "UIInterfaceOrientationPortrait UIInterfaceOrientationLandscapeLeft UIInterfaceOrientationLandscapeRight";
				LD_RUNPATH_SEARCH_PATHS = (
					"$(inherited)",
					"@executable_path/Frameworks",
				);
				MARKETING_VERSION = 1.0;
				PRODUCT_BUNDLE_IDENTIFIER = com.SergeyPavlov.totalBill;
				PRODUCT_NAME = "$(TARGET_NAME)";
				SWIFT_EMIT_LOC_STRINGS = YES;
				SWIFT_VERSION = 5.0;
				TARGETED_DEVICE_FAMILY = "1,2";
			};
			name = Release;
		};
/* End XCBuildConfiguration section */

/* Begin XCConfigurationList section */
		A0DBB83828B49E59005BE528 /* Build configuration list for PBXProject "totalBill" */ = {
			isa = XCConfigurationList;
			buildConfigurations = (
				A0DBB84F28B49E59005BE528 /* Debug */,
				A0DBB85028B49E59005BE528 /* Release */,
			);
			defaultConfigurationIsVisible = 0;
			defaultConfigurationName = Release;
		};
		A0DBB85128B49E59005BE528 /* Build configuration list for PBXNativeTarget "totalBill" */ = {
			isa = XCConfigurationList;
			buildConfigurations = (
				A0DBB85228B49E59005BE528 /* Debug */,
				A0DBB85328B49E59005BE528 /* Release */,
			);
			defaultConfigurationIsVisible = 0;
			defaultConfigurationName = Release;
		};
/* End XCConfigurationList section */
	};
	rootObject = A0DBB83528B49E59005BE528 /* Project object */;
}
